
Microsoft Visual Studio Solution File, Format Version 12.00
# Visual Studio Version 16
VisualStudioVersion = 25.0.1706.6
MinimumVisualStudioVersion = 10.0.40219.1
Project("{FAE04EC0-301F-11D3-BF4B-00C04F79EFBC}") = "MoviesAPI", "MoviesAPI\MoviesAPI.csproj", "{D41013B9-44B3-42D6-8B2D-D65049D4E48E}"
EndProject
Global
	GlobalSection(SolutionConfigurationPlatforms) = preSolution
		Debug|Any CPU = Debug|Any CPU
		Release|Any CPU = Release|Any CPU
	EndGlobalSection
	GlobalSection(ProjectConfigurationPlatforms) = postSolution
		{D41013B9-44B3-42D6-8B2D-D65049D4E48E}.Debug|Any CPU.ActiveCfg = Debug|Any CPU
		{D41013B9-44B3-42D6-8B2D-D65049D4E48E}.Debug|Any CPU.Build.0 = Debug|Any CPU
		{D41013B9-44B3-42D6-8B2D-D65049D4E48E}.Release|Any CPU.ActiveCfg = Release|Any CPU
		{D41013B9-44B3-42D6-8B2D-D65049D4E48E}.Release|Any CPU.Build.0 = Release|Any CPU
	EndGlobalSection
	GlobalSection(SolutionProperties) = preSolution
		HideSolutionNode = FALSE
	EndGlobalSection
	GlobalSection(ExtensibilityGlobals) = postSolution
		SolutionGuid = {2A48E489-A8A4-43B1-8496-0FA410A66A0F}
	EndGlobalSection
EndGlobal
